PODS:
  - XMGFMBase/Category (0.1.0)
  - XMGFMMain (0.1.0):
    - XMGFMBase/Category

DEPENDENCIES:
  - XMGFMMain (from `../`)

EXTERNAL SOURCES:
  XMGFMMain:
    :path: ../

SPEC CHECKSUMS:
  XMGFMBase: 555d358958acf0f75203c4c8236ce7d5f616aecd
  XMGFMMain: 7a63746c9ab79e8069915bfa3ffc5dfc9b938137

PODFILE CHECKSUM: 847a2693aecf9beaa0991670397f8b0f3b409454

COCOAPODS: 1.2.0
