PODS:
  - XMGFMBase/Category (0.1.0)
  - XMGFMMain (0.1.0):
    - XMGFMBase/Category

DEPENDENCIES:
  - XMGFMMain (from `../`)

EXTERNAL SOURCES:
  XMGFMMain:
    :path: "../"

SPEC CHECKSUMS:
  XMGFMBase: 1c185cbcc3e20ecf29a1be4ef06d736e5e5822b1
  XMGFMMain: c1bc492ef23110d7b8cec375525eaba582dbacce

PODFILE CHECKSUM: ccb1a6cc81e2783e111360b7f4eccbe238696fc9

COCOAPODS: 1.2.0.beta.1
